# THIS IS AN AUTOGENERATED FILE. DO NOT EDIT THIS FILE DIRECTLY.
# yarn lockfile v1


mobx@^6.6.1:
  version "6.6.1"
  resolved "https://registry.yarnpkg.com/mobx/-/mobx-6.6.1.tgz#70ee6aa82f25aeb7e7d522bd621207434e509318"
  integrity sha512-7su3UZv5JF+ohLr2opabjbUAERfXstMY+wiBtey8yNAPoB8H187RaQXuhFjNkH8aE4iHbDWnhDFZw0+5ic4nGQ==
